
Microsoft Visual Studio Solution File, Format Version 12.00
# Visual Studio 15
VisualStudioVersion = 15.0.28307.539
MinimumVisualStudioVersion = 10.0.40219.1
Project("{FAE04EC0-301F-11D3-BF4B-00C04F79EFBC}") = "background-denoising", "background-denoising\background-denoising.csproj", "{14158088-6624-406D-A235-0B181A8A344B}"
EndProject
Global
	GlobalSection(SolutionConfigurationPlatforms) = preSolution
		Debug|Any CPU = Debug|Any CPU
		Release|Any CPU = Release|Any CPU
	EndGlobalSection
	GlobalSection(ProjectConfigurationPlatforms) = postSolution
		{14158088-6624-406D-A235-0B181A8A344B}.Debug|Any CPU.ActiveCfg = Debug|Any CPU
		{14158088-6624-406D-A235-0B181A8A344B}.Debug|Any CPU.Build.0 = Debug|Any CPU
		{14158088-6624-406D-A235-0B181A8A344B}.Release|Any CPU.ActiveCfg = Release|Any CPU
		{14158088-6624-406D-A235-0B181A8A344B}.Release|Any CPU.Build.0 = Release|Any CPU
	EndGlobalSection
	GlobalSection(SolutionProperties) = preSolution
		HideSolutionNode = FALSE
	EndGlobalSection
	GlobalSection(ExtensibilityGlobals) = postSolution
		SolutionGuid = {E09F3AED-77A1-4CA2-A5A8-3CD16CD3DB45}
	EndGlobalSection
EndGlobal
