
Microsoft Visual Studio Solution File, Format Version 12.00
# Visual Studio 15
VisualStudioVersion = 15.0.28307.539
MinimumVisualStudioVersion = 10.0.40219.1
Project("{FAE04EC0-301F-11D3-BF4B-00C04F79EFBC}") = "julia-set", "julia-set\julia-set.csproj", "{EEA71AF1-0FA9-4BBE-9B17-A60BA70E14B6}"
EndProject
Global
	GlobalSection(SolutionConfigurationPlatforms) = preSolution
		Debug|Any CPU = Debug|Any CPU
		Release|Any CPU = Release|Any CPU
	EndGlobalSection
	GlobalSection(ProjectConfigurationPlatforms) = postSolution
		{EEA71AF1-0FA9-4BBE-9B17-A60BA70E14B6}.Debug|Any CPU.ActiveCfg = Debug|Any CPU
		{EEA71AF1-0FA9-4BBE-9B17-A60BA70E14B6}.Debug|Any CPU.Build.0 = Debug|Any CPU
		{EEA71AF1-0FA9-4BBE-9B17-A60BA70E14B6}.Release|Any CPU.ActiveCfg = Release|Any CPU
		{EEA71AF1-0FA9-4BBE-9B17-A60BA70E14B6}.Release|Any CPU.Build.0 = Release|Any CPU
	EndGlobalSection
	GlobalSection(SolutionProperties) = preSolution
		HideSolutionNode = FALSE
	EndGlobalSection
	GlobalSection(ExtensibilityGlobals) = postSolution
		SolutionGuid = {202DB441-3387-4113-92E0-C2EB53D19CBE}
	EndGlobalSection
EndGlobal
