
Microsoft Visual Studio Solution File, Format Version 12.00
# Visual Studio 15
VisualStudioVersion = 15.0.28307.539
MinimumVisualStudioVersion = 10.0.40219.1
Project("{FAE04EC0-301F-11D3-BF4B-00C04F79EFBC}") = "3d-fractal-tree", "3d-fractal-tree\3d-fractal-tree.csproj", "{EF2BB522-1926-4076-B269-8343D8B83655}"
EndProject
Global
	GlobalSection(SolutionConfigurationPlatforms) = preSolution
		Debug|Any CPU = Debug|Any CPU
		Release|Any CPU = Release|Any CPU
	EndGlobalSection
	GlobalSection(ProjectConfigurationPlatforms) = postSolution
		{EF2BB522-1926-4076-B269-8343D8B83655}.Debug|Any CPU.ActiveCfg = Debug|Any CPU
		{EF2BB522-1926-4076-B269-8343D8B83655}.Debug|Any CPU.Build.0 = Debug|Any CPU
		{EF2BB522-1926-4076-B269-8343D8B83655}.Release|Any CPU.ActiveCfg = Release|Any CPU
		{EF2BB522-1926-4076-B269-8343D8B83655}.Release|Any CPU.Build.0 = Release|Any CPU
	EndGlobalSection
	GlobalSection(SolutionProperties) = preSolution
		HideSolutionNode = FALSE
	EndGlobalSection
	GlobalSection(ExtensibilityGlobals) = postSolution
		SolutionGuid = {AD9303F4-A42C-4C59-BC40-227FAE22B46D}
	EndGlobalSection
EndGlobal
